
Microsoft Visual Studio Solution File, Format Version 12.00
# Visual Studio Version 17
VisualStudioVersion = 17.9.34622.214
MinimumVisualStudioVersion = 10.0.40219.1
Project("{FAE04EC0-301F-11D3-BF4B-00C04F79EFBC}") = "EducationProcess", "EducationProcess.csproj", "{F253ABA3-D441-45C0-917E-606B77BE2B85}"
EndProject
Global
	GlobalSection(SolutionConfigurationPlatforms) = preSolution
		Debug|Any CPU = Debug|Any CPU
		Release|Any CPU = Release|Any CPU
	EndGlobalSection
	GlobalSection(ProjectConfigurationPlatforms) = postSolution
		{F253ABA3-D441-45C0-917E-606B77BE2B85}.Debug|Any CPU.ActiveCfg = Debug|Any CPU
		{F253ABA3-D441-45C0-917E-606B77BE2B85}.Debug|Any CPU.Build.0 = Debug|Any CPU
		{F253ABA3-D441-45C0-917E-606B77BE2B85}.Release|Any CPU.ActiveCfg = Release|Any CPU
		{F253ABA3-D441-45C0-917E-606B77BE2B85}.Release|Any CPU.Build.0 = Release|Any CPU
	EndGlobalSection
	GlobalSection(SolutionProperties) = preSolution
		HideSolutionNode = FALSE
	EndGlobalSection
	GlobalSection(ExtensibilityGlobals) = postSolution
		SolutionGuid = {38157836-29DD-4804-8536-854B8DFECF4E}
	EndGlobalSection
EndGlobal
