
Microsoft Visual Studio Solution File, Format Version 12.00
# Visual Studio Version 17
VisualStudioVersion = 17.9.34616.47
MinimumVisualStudioVersion = 10.0.40219.1
Project("{FAE04EC0-301F-11D3-BF4B-00C04F79EFBC}") = "UserTicketService", "UserTicketService.csproj", "{241EADAE-73AE-4C6B-9ABE-C75A376B8FE8}"
EndProject
Project("{9A19103F-16F7-4668-BE54-9A1E7A4F7556}") = "UserTicketService.Test", "UserTicketService.Test\UserTicketService.Test.csproj", "{89F950F4-2D3E-4521-B6E2-535911A27E4B}"
EndProject
Global
	GlobalSection(SolutionConfigurationPlatforms) = preSolution
		Debug|Any CPU = Debug|Any CPU
		Release|Any CPU = Release|Any CPU
	EndGlobalSection
	GlobalSection(ProjectConfigurationPlatforms) = postSolution
		{241EADAE-73AE-4C6B-9ABE-C75A376B8FE8}.Debug|Any CPU.ActiveCfg = Debug|Any CPU
		{241EADAE-73AE-4C6B-9ABE-C75A376B8FE8}.Debug|Any CPU.Build.0 = Debug|Any CPU
		{241EADAE-73AE-4C6B-9ABE-C75A376B8FE8}.Release|Any CPU.ActiveCfg = Release|Any CPU
		{241EADAE-73AE-4C6B-9ABE-C75A376B8FE8}.Release|Any CPU.Build.0 = Release|Any CPU
		{89F950F4-2D3E-4521-B6E2-535911A27E4B}.Debug|Any CPU.ActiveCfg = Debug|Any CPU
		{89F950F4-2D3E-4521-B6E2-535911A27E4B}.Debug|Any CPU.Build.0 = Debug|Any CPU
		{89F950F4-2D3E-4521-B6E2-535911A27E4B}.Release|Any CPU.ActiveCfg = Release|Any CPU
		{89F950F4-2D3E-4521-B6E2-535911A27E4B}.Release|Any CPU.Build.0 = Release|Any CPU
	EndGlobalSection
	GlobalSection(SolutionProperties) = preSolution
		HideSolutionNode = FALSE
	EndGlobalSection
	GlobalSection(ExtensibilityGlobals) = postSolution
		SolutionGuid = {17172A6A-744D-452E-8486-4318BBD1346C}
	EndGlobalSection
EndGlobal
